
Microsoft Visual Studio Solution File, Format Version 12.00
# Visual Studio Version 17
VisualStudioVersion = 17.3.32825.248
MinimumVisualStudioVersion = 10.0.40219.1
Project("{2150E333-8FDC-42A3-9474-1A3956D46DE8}") = "Core", "Core", "{34BA07EB-E89F-4EEC-B3CE-DFF69382B715}"
EndProject
Project("{9A19103F-16F7-4668-BE54-9A1E7A4F7556}") = "ETicaretAPI.Domain", "Core\ETicaretAPI.Domain\ETicaretAPI.Domain.csproj", "{9C7217DD-E96C-4B23-908C-3D56603CC52A}"
EndProject
Project("{9A19103F-16F7-4668-BE54-9A1E7A4F7556}") = "ETicaretAPI.Application", "Core\ETicaretAPI.Application\ETicaretAPI.Application.csproj", "{A1718235-A0CC-48E1-BF96-232234931181}"
EndProject
Project("{2150E333-8FDC-42A3-9474-1A3956D46DE8}") = "Infrastructure", "Infrastructure", "{74BDB8E9-03D2-40FB-A967-35B35EA6B119}"
EndProject
Project("{2150E333-8FDC-42A3-9474-1A3956D46DE8}") = "Presentation", "Presentation", "{57A067F0-4170-475A-B8AA-3ADD705C6948}"
EndProject
Project("{9A19103F-16F7-4668-BE54-9A1E7A4F7556}") = "ETicaretAPI.API", "Presentation\ETicaretAPI.API\ETicaretAPI.API.csproj", "{3D0CB273-1531-47C0-B546-ED8089E15D13}"
EndProject
Project("{9A19103F-16F7-4668-BE54-9A1E7A4F7556}") = "ETicaretAPI.Persistence", "Infrastructure\ETicaretAPI.Persistences\ETicaretAPI.Persistence.csproj", "{CDB911BE-DE9D-4618-8B8D-E64510DBCBE2}"
EndProject
Project("{FAE04EC0-301F-11D3-BF4B-00C04F79EFBC}") = "ETicaretAPI.Infrastructure", "Infrastructure\ETicaretAPI.Infrastructure\ETicaretAPI.Infrastructure.csproj", "{F9724416-7454-4490-B49C-89ED10CD5AD4}"
EndProject
Global
	GlobalSection(SolutionConfigurationPlatforms) = preSolution
		Debug|Any CPU = Debug|Any CPU
		Release|Any CPU = Release|Any CPU
	EndGlobalSection
	GlobalSection(ProjectConfigurationPlatforms) = postSolution
		{9C7217DD-E96C-4B23-908C-3D56603CC52A}.Debug|Any CPU.ActiveCfg = Debug|Any CPU
		{9C7217DD-E96C-4B23-908C-3D56603CC52A}.Debug|Any CPU.Build.0 = Debug|Any CPU
		{9C7217DD-E96C-4B23-908C-3D56603CC52A}.Release|Any CPU.ActiveCfg = Release|Any CPU
		{9C7217DD-E96C-4B23-908C-3D56603CC52A}.Release|Any CPU.Build.0 = Release|Any CPU
		{A1718235-A0CC-48E1-BF96-232234931181}.Debug|Any CPU.ActiveCfg = Debug|Any CPU
		{A1718235-A0CC-48E1-BF96-232234931181}.Debug|Any CPU.Build.0 = Debug|Any CPU
		{A1718235-A0CC-48E1-BF96-232234931181}.Release|Any CPU.ActiveCfg = Release|Any CPU
		{A1718235-A0CC-48E1-BF96-232234931181}.Release|Any CPU.Build.0 = Release|Any CPU
		{3D0CB273-1531-47C0-B546-ED8089E15D13}.Debug|Any CPU.ActiveCfg = Debug|Any CPU
		{3D0CB273-1531-47C0-B546-ED8089E15D13}.Debug|Any CPU.Build.0 = Debug|Any CPU
		{3D0CB273-1531-47C0-B546-ED8089E15D13}.Release|Any CPU.ActiveCfg = Release|Any CPU
		{3D0CB273-1531-47C0-B546-ED8089E15D13}.Release|Any CPU.Build.0 = Release|Any CPU
		{CDB911BE-DE9D-4618-8B8D-E64510DBCBE2}.Debug|Any CPU.ActiveCfg = Debug|Any CPU
		{CDB911BE-DE9D-4618-8B8D-E64510DBCBE2}.Debug|Any CPU.Build.0 = Debug|Any CPU
		{CDB911BE-DE9D-4618-8B8D-E64510DBCBE2}.Release|Any CPU.ActiveCfg = Release|Any CPU
		{CDB911BE-DE9D-4618-8B8D-E64510DBCBE2}.Release|Any CPU.Build.0 = Release|Any CPU
		{F9724416-7454-4490-B49C-89ED10CD5AD4}.Debug|Any CPU.ActiveCfg = Debug|Any CPU
		{F9724416-7454-4490-B49C-89ED10CD5AD4}.Debug|Any CPU.Build.0 = Debug|Any CPU
		{F9724416-7454-4490-B49C-89ED10CD5AD4}.Release|Any CPU.ActiveCfg = Release|Any CPU
		{F9724416-7454-4490-B49C-89ED10CD5AD4}.Release|Any CPU.Build.0 = Release|Any CPU
	EndGlobalSection
	GlobalSection(SolutionProperties) = preSolution
		HideSolutionNode = FALSE
	EndGlobalSection
	GlobalSection(NestedProjects) = preSolution
		{9C7217DD-E96C-4B23-908C-3D56603CC52A} = {34BA07EB-E89F-4EEC-B3CE-DFF69382B715}
		{A1718235-A0CC-48E1-BF96-232234931181} = {34BA07EB-E89F-4EEC-B3CE-DFF69382B715}
		{3D0CB273-1531-47C0-B546-ED8089E15D13} = {57A067F0-4170-475A-B8AA-3ADD705C6948}
		{CDB911BE-DE9D-4618-8B8D-E64510DBCBE2} = {74BDB8E9-03D2-40FB-A967-35B35EA6B119}
		{F9724416-7454-4490-B49C-89ED10CD5AD4} = {74BDB8E9-03D2-40FB-A967-35B35EA6B119}
	EndGlobalSection
	GlobalSection(ExtensibilityGlobals) = postSolution
		SolutionGuid = {3BE4694D-38DB-4657-98CE-5FB732D7BC75}
	EndGlobalSection
EndGlobal
